<?xml version="1.0" encoding="utf-8"?>
<Project ToolsVersion="4.0" xmlns="http://schemas.microsoft.com/developer/msbuild/2003">
  <ItemGroup>
    <Filter Include="소스 파일">
      <UniqueIdentifier>{4FC737F1-C7A5-4376-A066-2A32D752A2FF}</UniqueIdentifier>
      <Extensions>cpp;c;cc;cxx;def;odl;idl;hpj;bat;asm;asmx</Extensions>
    </Filter>
    <Filter Include="헤더 파일">
      <UniqueIdentifier>{93995380-89BD-4b04-88EB-625FBE52EBFB}</UniqueIdentifier>
      <Extensions>h;hh;hpp;hxx;hm;inl;inc;xsd</Extensions>
    </Filter>
    <Filter Include="리소스 파일">
      <UniqueIdentifier>{67DA6AB6-F800-4c08-8B7A-83BB121AAD01}</UniqueIdentifier>
      <Extensions>rc;ico;cur;bmp;dlg;rc2;rct;bin;rgs;gif;jpg;jpeg;jpe;resx;tiff;tif;png;wav;mfcribbon-ms</Extensions>
    </Filter>
    <Filter Include="shader">
      <UniqueIdentifier>{9c4dbf02-8135-474a-9b0b-b43d4da6ec2c}</UniqueIdentifier>
    </Filter>
    <Filter Include="res">
      <UniqueIdentifier>{bd025e45-973d-4d31-b1b1-7c1fedc3922c}</UniqueIdentifier>
    </Filter>
  </ItemGroup>
  <ItemGroup>
    <ClInclude Include="Container.h">
      <Filter>헤더 파일</Filter>
    </ClInclude>
    <ClInclude Include="DirectionalLight.h">
      <Filter>헤더 파일</Filter>
    </ClInclude>
    <ClInclude Include="ext.h">
      <Filter>헤더 파일</Filter>
    </ClInclude>
    <ClInclude Include="Light.h">
      <Filter>헤더 파일</Filter>
    </ClInclude>
    <ClInclude Include="LightManager.h">
      <Filter>헤더 파일</Filter>
    </ClInclude>
    <ClInclude Include="MainScene.h">
      <Filter>헤더 파일</Filter>
    </ClInclude>
    <ClInclude Include="MainWnd.h">
      <Filter>헤더 파일</Filter>
    </ClInclude>
    <ClInclude Include="Material.h">
      <Filter>헤더 파일</Filter>
    </ClInclude>
    <ClInclude Include="pch.h">
      <Filter>헤더 파일</Filter>
    </ClInclude>
    <ClInclude Include="PointLight.h">
      <Filter>헤더 파일</Filter>
    </ClInclude>
    <ClInclude Include="Scene.h">
      <Filter>헤더 파일</Filter>
    </ClInclude>
    <ClInclude Include="Shader.h">
      <Filter>헤더 파일</Filter>
    </ClInclude>
    <ClInclude Include="Shader_impl.h">
      <Filter>헤더 파일</Filter>
    </ClInclude>
    <ClInclude Include="ShaderManager.h">
      <Filter>헤더 파일</Filter>
    </ClInclude>
    <ClInclude Include="ShadowMap.h">
      <Filter>헤더 파일</Filter>
    </ClInclude>
    <ClInclude Include="SpotLight.h">
      <Filter>헤더 파일</Filter>
    </ClInclude>
    <ClInclude Include="Texture.h">
      <Filter>헤더 파일</Filter>
    </ClInclude>
    <ClInclude Include="WoodPlane.h">
      <Filter>헤더 파일</Filter>
    </ClInclude>
    <ClInclude Include="Camera.h">
      <Filter>헤더 파일</Filter>
    </ClInclude>
  </ItemGroup>
  <ItemGroup>
    <ClCompile Include="DirectionalLight.cpp">
      <Filter>소스 파일</Filter>
    </ClCompile>
    <ClCompile Include="Light.cpp">
      <Filter>소스 파일</Filter>
    </ClCompile>
    <ClCompile Include="LightManager.cpp">
      <Filter>소스 파일</Filter>
    </ClCompile>
    <ClCompile Include="main.cpp">
      <Filter>소스 파일</Filter>
    </ClCompile>
    <ClCompile Include="MainScene.cpp">
      <Filter>소스 파일</Filter>
    </ClCompile>
    <ClCompile Include="MainWnd.cpp">
      <Filter>소스 파일</Filter>
    </ClCompile>
    <ClCompile Include="Material.cpp">
      <Filter>소스 파일</Filter>
    </ClCompile>
    <ClCompile Include="PointLight.cpp">
      <Filter>소스 파일</Filter>
    </ClCompile>
    <ClCompile Include="Scene.cpp">
      <Filter>소스 파일</Filter>
    </ClCompile>
    <ClCompile Include="Shader.cpp">
      <Filter>소스 파일</Filter>
    </ClCompile>
    <ClCompile Include="ShaderManager.cpp">
      <Filter>소스 파일</Filter>
    </ClCompile>
    <ClCompile Include="ShadowMap.cpp">
      <Filter>소스 파일</Filter>
    </ClCompile>
    <ClCompile Include="SpotLight.cpp">
      <Filter>소스 파일</Filter>
    </ClCompile>
    <ClCompile Include="Texture.cpp">
      <Filter>소스 파일</Filter>
    </ClCompile>
    <ClCompile Include="WoodPlane.cpp">
      <Filter>소스 파일</Filter>
    </ClCompile>
    <ClCompile Include="Camera.cpp">
      <Filter>소스 파일</Filter>
    </ClCompile>
    <ClCompile Include="Container.cpp">
      <Filter>소스 파일</Filter>
    </ClCompile>
  </ItemGroup>
  <ItemGroup>
    <Image Include="res\wood.png">
      <Filter>res</Filter>
    </Image>
    <Image Include="res\container2.png">
      <Filter>res</Filter>
    </Image>
    <Image Include="res\container2_specular.png">
      <Filter>res</Filter>
    </Image>
  </ItemGroup>
  <ItemGroup>
    <None Include="shaders\shadow.frag">
      <Filter>shader</Filter>
    </None>
    <None Include="shaders\shadow_depth.frag">
      <Filter>shader</Filter>
    </None>
    <None Include="shaders\shadow_depth.vert">
      <Filter>shader</Filter>
    </None>
    <None Include="shaders\shadow.vert">
      <Filter>shader</Filter>
    </None>
  </ItemGroup>
</Project>